
Microsoft Visual Studio Solution File, Format Version 12.00
Project("{FAE04EC0-301F-11D3-BF4B-00C04F79EFBC}") = "ConsoleIndexingApp", "ConsoleIndexingApp.csproj", "{17B763A5-57D5-47E6-9B66-770FA323E441}"
EndProject
Global
	GlobalSection(SolutionConfigurationPlatforms) = preSolution
		Debug|Any CPU = Debug|Any CPU
		Release|Any CPU = Release|Any CPU
	EndGlobalSection
	GlobalSection(ProjectConfigurationPlatforms) = postSolution
		{17B763A5-57D5-47E6-9B66-770FA323E441}.Debug|Any CPU.ActiveCfg = Debug|Any CPU
		{17B763A5-57D5-47E6-9B66-770FA323E441}.Debug|Any CPU.Build.0 = Debug|Any CPU
		{17B763A5-57D5-47E6-9B66-770FA323E441}.Release|Any CPU.ActiveCfg = Release|Any CPU
		{17B763A5-57D5-47E6-9B66-770FA323E441}.Release|Any CPU.Build.0 = Release|Any CPU
	EndGlobalSection
EndGlobal
